
Microsoft Visual Studio Solution File, Format Version 12.00
# Visual Studio 15
VisualStudioVersion = 15.0.28307.1145
MinimumVisualStudioVersion = 10.0.40219.1
Project("{8BC9CEB8-8B4A-11D0-8D11-00A0C91BC942}") = "알고리즘 설계", "알고리즘 설계\알고리즘 설계.vcxproj", "{AB8D3798-C9DB-49F4-A2A9-0488F3D20485}"
EndProject
Global
	GlobalSection(SolutionConfigurationPlatforms) = preSolution
		Debug|x64 = Debug|x64
		Debug|x86 = Debug|x86
		Release|x64 = Release|x64
		Release|x86 = Release|x86
	EndGlobalSection
	GlobalSection(ProjectConfigurationPlatforms) = postSolution
		{AB8D3798-C9DB-49F4-A2A9-0488F3D20485}.Debug|x64.ActiveCfg = Debug|x64
		{AB8D3798-C9DB-49F4-A2A9-0488F3D20485}.Debug|x64.Build.0 = Debug|x64
		{AB8D3798-C9DB-49F4-A2A9-0488F3D20485}.Debug|x86.ActiveCfg = Debug|Win32
		{AB8D3798-C9DB-49F4-A2A9-0488F3D20485}.Debug|x86.Build.0 = Debug|Win32
		{AB8D3798-C9DB-49F4-A2A9-0488F3D20485}.Release|x64.ActiveCfg = Release|x64
		{AB8D3798-C9DB-49F4-A2A9-0488F3D20485}.Release|x64.Build.0 = Release|x64
		{AB8D3798-C9DB-49F4-A2A9-0488F3D20485}.Release|x86.ActiveCfg = Release|Win32
		{AB8D3798-C9DB-49F4-A2A9-0488F3D20485}.Release|x86.Build.0 = Release|Win32
	EndGlobalSection
	GlobalSection(SolutionProperties) = preSolution
		HideSolutionNode = FALSE
	EndGlobalSection
	GlobalSection(ExtensibilityGlobals) = postSolution
		SolutionGuid = {62ECB429-F948-4A65-86BA-C1DEB2993F04}
	EndGlobalSection
EndGlobal
